
Microsoft Visual Studio Solution File, Format Version 12.00
# Visual Studio 2013
VisualStudioVersion = 12.0.40629.0
MinimumVisualStudioVersion = 10.0.40219.1
Project("{FAE04EC0-301F-11D3-BF4B-00C04F79EFBC}") = "01-Points", "01-Points\01-Points.csproj", "{B3F57A9B-1896-4DB3-8F38-4F544DBD2D4C}"
EndProject
Project("{FAE04EC0-301F-11D3-BF4B-00C04F79EFBC}") = "02-Word-Game", "02-Word-Game\02-Word-Game.csproj", "{59A57ED0-E681-442C-9C42-DDC44D1D12F2}"
EndProject
Project("{FAE04EC0-301F-11D3-BF4B-00C04F79EFBC}") = "03-Depedencies-Resolving", "03-Depedencies-Resolving\03-Depedencies-Resolving.csproj", "{B32777BA-AE40-4DB7-840A-381C17B4617F}"
EndProject
Global
	GlobalSection(SolutionConfigurationPlatforms) = preSolution
		Debug|Any CPU = Debug|Any CPU
		Release|Any CPU = Release|Any CPU
	EndGlobalSection
	GlobalSection(ProjectConfigurationPlatforms) = postSolution
		{B3F57A9B-1896-4DB3-8F38-4F544DBD2D4C}.Debug|Any CPU.ActiveCfg = Debug|Any CPU
		{B3F57A9B-1896-4DB3-8F38-4F544DBD2D4C}.Debug|Any CPU.Build.0 = Debug|Any CPU
		{B3F57A9B-1896-4DB3-8F38-4F544DBD2D4C}.Release|Any CPU.ActiveCfg = Release|Any CPU
		{B3F57A9B-1896-4DB3-8F38-4F544DBD2D4C}.Release|Any CPU.Build.0 = Release|Any CPU
		{59A57ED0-E681-442C-9C42-DDC44D1D12F2}.Debug|Any CPU.ActiveCfg = Debug|Any CPU
		{59A57ED0-E681-442C-9C42-DDC44D1D12F2}.Debug|Any CPU.Build.0 = Debug|Any CPU
		{59A57ED0-E681-442C-9C42-DDC44D1D12F2}.Release|Any CPU.ActiveCfg = Release|Any CPU
		{59A57ED0-E681-442C-9C42-DDC44D1D12F2}.Release|Any CPU.Build.0 = Release|Any CPU
		{B32777BA-AE40-4DB7-840A-381C17B4617F}.Debug|Any CPU.ActiveCfg = Debug|Any CPU
		{B32777BA-AE40-4DB7-840A-381C17B4617F}.Debug|Any CPU.Build.0 = Debug|Any CPU
		{B32777BA-AE40-4DB7-840A-381C17B4617F}.Release|Any CPU.ActiveCfg = Release|Any CPU
		{B32777BA-AE40-4DB7-840A-381C17B4617F}.Release|Any CPU.Build.0 = Release|Any CPU
	EndGlobalSection
	GlobalSection(SolutionProperties) = preSolution
		HideSolutionNode = FALSE
	EndGlobalSection
EndGlobal
